
Microsoft Visual Studio Solution File, Format Version 12.00
# Visual Studio Version 16
VisualStudioVersion = 16.0.30011.22
MinimumVisualStudioVersion = 10.0.40219.1
Project("{FAE04EC0-301F-11D3-BF4B-00C04F79EFBC}") = "ConcreteSupply.Model", "ConcreteSupply.Model.csproj", "{5FABFC37-DCDD-4518-86FB-21624454684B}"
EndProject
Global
	GlobalSection(SolutionConfigurationPlatforms) = preSolution
		Debug|Any CPU = Debug|Any CPU
		Release|Any CPU = Release|Any CPU
	EndGlobalSection
	GlobalSection(ProjectConfigurationPlatforms) = postSolution
		{5FABFC37-DCDD-4518-86FB-21624454684B}.Debug|Any CPU.ActiveCfg = Debug|Any CPU
		{5FABFC37-DCDD-4518-86FB-21624454684B}.Debug|Any CPU.Build.0 = Debug|Any CPU
		{5FABFC37-DCDD-4518-86FB-21624454684B}.Release|Any CPU.ActiveCfg = Release|Any CPU
		{5FABFC37-DCDD-4518-86FB-21624454684B}.Release|Any CPU.Build.0 = Release|Any CPU
	EndGlobalSection
	GlobalSection(SolutionProperties) = preSolution
		HideSolutionNode = FALSE
	EndGlobalSection
	GlobalSection(ExtensibilityGlobals) = postSolution
		SolutionGuid = {8E1E45E4-DE57-45CC-9AC2-5CB58F145FA8}
	EndGlobalSection
EndGlobal
